// !$*UTF8*$!
{
	archiveVersion = 1;
	classes = {
	};
	objectVersion = 56;
	objects = {

/* Begin PBXBuildFile section */
		0960778729887B03001DEFFC /* swift_weather_demoApp.swift in Sources */ = {isa = PBXBuildFile; fileRef = 0960778629887B03001DEFFC /* swift_weather_demoApp.swift */; };
		0960778929887B03001DEFFC /* ContentView.swift in Sources */ = {isa = PBXBuildFile; fileRef = 0960778829887B03001DEFFC /* ContentView.swift */; };
		0960778B29887B04001DEFFC /* Assets.xcassets in Resources */ = {isa = PBXBuildFile; fileRef = 0960778A29887B04001DEFFC /* Assets.xcassets */; };
		0960778E29887B04001DEFFC /* Preview Assets.xcassets in Resources */ = {isa = PBXBuildFile; fileRef = 0960778D29887B04001DEFFC /* Preview Assets.xcassets */; };
		0960779829887B04001DEFFC /* swift_weather_demoTests.swift in Sources */ = {isa = PBXBuildFile; fileRef = 0960779729887B04001DEFFC /* swift_weather_demoTests.swift */; };
		096077A229887B04001DEFFC /* swift_weather_demoUITests.swift in Sources */ = {isa = PBXBuildFile; fileRef = 096077A129887B04001DEFFC /* swift_weather_demoUITests.swift */; };
		096077A429887B04001DEFFC /* swift_weather_demoUITestsLaunchTests.swift in Sources */ = {isa = PBXBuildFile; fileRef = 096077A329887B04001DEFFC /* swift_weather_demoUITestsLaunchTests.swift */; };
		096077B329887C69001DEFFC /* WeatherRow.swift in Sources */ = {isa = PBXBuildFile; fileRef = 096077B229887C69001DEFFC /* WeatherRow.swift */; };
/* End PBXBuildFile section */

/* Begin PBXContainerItemProxy section */
		0960779429887B04001DEFFC /* PBXContainerItemProxy */ = {
			isa = PBXContainerItemProxy;
			containerPortal = 0960777B29887B03001DEFFC /* Project object */;
			proxyType = 1;
			remoteGlobalIDString = 0960778229887B03001DEFFC;
			remoteInfo = "swift-weather-demo";
		};
		0960779E29887B04001DEFFC /* PBXContainerItemProxy */ = {
			isa = PBXContainerItemProxy;
			containerPortal = 0960777B29887B03001DEFFC /* Project object */;
			proxyType = 1;
			remoteGlobalIDString = 0960778229887B03001DEFFC;
			remoteInfo = "swift-weather-demo";
		};
/* End PBXContainerItemProxy section */

/* Begin PBXFileReference section */
		0960778329887B03001DEFFC /* swift-weather-demo.app */ = {isa = PBXFileReference; explicitFileType = wrapper.application; includeInIndex = 0; path = "swift-weather-demo.app"; sourceTree = BUILT_PRODUCTS_DIR; };
		0960778629887B03001DEFFC /* swift_weather_demoApp.swift */ = {isa = PBXFileReference; lastKnownFileType = sourcecode.swift; path = swift_weather_demoApp.swift; sourceTree = "<group>"; };
		0960778829887B03001DEFFC /* ContentView.swift */ = {isa = PBXFileReference; lastKnownFileType = sourcecode.swift; path = ContentView.swift; sourceTree = "<group>"; };
		0960778A29887B04001DEFFC /* Assets.xcassets */ = {isa = PBXFileReference; lastKnownFileType = folder.assetcatalog; path = Assets.xcassets; sourceTree = "<group>"; };
		0960778D29887B04001DEFFC /* Preview Assets.xcassets */ = {isa = PBXFileReference; lastKnownFileType = folder.assetcatalog; path = "Preview Assets.xcassets"; sourceTree = "<group>"; };
		0960779329887B04001DEFFC /* swift-weather-demoTests.xctest */ = {isa = PBXFileReference; explicitFileType = wrapper.cfbundle; includeInIndex = 0; path = "swift-weather-demoTests.xctest"; sourceTree = BUILT_PRODUCTS_DIR; };
		0960779729887B04001DEFFC /* swift_weather_demoTests.swift */ = {isa = PBXFileReference; lastKnownFileType = sourcecode.swift; path = swift_weather_demoTests.swift; sourceTree = "<group>"; };
		0960779D29887B04001DEFFC /* swift-weather-demoUITests.xctest */ = {isa = PBXFileReference; explicitFileType = wrapper.cfbundle; includeInIndex = 0; path = "swift-weather-demoUITests.xctest"; sourceTree = BUILT_PRODUCTS_DIR; };
		096077A129887B04001DEFFC /* swift_weather_demoUITests.swift */ = {isa = PBXFileReference; lastKnownFileType = sourcecode.swift; path = swift_weather_demoUITests.swift; sourceTree = "<group>"; };
		096077A329887B04001DEFFC /* swift_weather_demoUITestsLaunchTests.swift */ = {isa = PBXFileReference; lastKnownFileType = sourcecode.swift; path = swift_weather_demoUITestsLaunchTests.swift; sourceTree = "<group>"; };
		096077B229887C69001DEFFC /* WeatherRow.swift */ = {isa = PBXFileReference; lastKnownFileType = sourcecode.swift; path = WeatherRow.swift; sourceTree = "<group>"; };
/* End PBXFileReference section */

/* Begin PBXFrameworksBuildPhase section */
		0960778029887B03001DEFFC /* Frameworks */ = {
			isa = PBXFrameworksBuildPhase;
			buildActionMask = 2147483647;
			files = (
			);
			runOnlyForDeploymentPostprocessing = 0;
		};
		0960779029887B04001DEFFC /* Frameworks */ = {
			isa = PBXFrameworksBuildPhase;
			buildActionMask = 2147483647;
			files = (
			);
			runOnlyForDeploymentPostprocessing = 0;
		};
		0960779A29887B04001DEFFC /* Frameworks */ = {
			isa = PBXFrameworksBuildPhase;
			buildActionMask = 2147483647;
			files = (
			);
			runOnlyForDeploymentPostprocessing = 0;
		};
/* End PBXFrameworksBuildPhase section */

/* Begin PBXGroup section */
		0960777A29887B03001DEFFC = {
			isa = PBXGroup;
			children = (
				0960778529887B03001DEFFC /* swift-weather-demo */,
				0960779629887B04001DEFFC /* swift-weather-demoTests */,
				096077A029887B04001DEFFC /* swift-weather-demoUITests */,
				0960778429887B03001DEFFC /* Products */,
			);
			sourceTree = "<group>";
		};
		0960778429887B03001DEFFC /* Products */ = {
			isa = PBXGroup;
			children = (
				0960778329887B03001DEFFC /* swift-weather-demo.app */,
				0960779329887B04001DEFFC /* swift-weather-demoTests.xctest */,
				0960779D29887B04001DEFFC /* swift-weather-demoUITests.xctest */,
			);
			name = Products;
			sourceTree = "<group>";
		};
		0960778529887B03001DEFFC /* swift-weather-demo */ = {
			isa = PBXGroup;
			children = (
				096077B029887BF7001DEFFC /* Components */,
				0960778629887B03001DEFFC /* swift_weather_demoApp.swift */,
				0960778829887B03001DEFFC /* ContentView.swift */,
				0960778A29887B04001DEFFC /* Assets.xcassets */,
				0960778C29887B04001DEFFC /* Preview Content */,
			);
			path = "swift-weather-demo";
			sourceTree = "<group>";
		};
		0960778C29887B04001DEFFC /* Preview Content */ = {
			isa = PBXGroup;
			children = (
				0960778D29887B04001DEFFC /* Preview Assets.xcassets */,
			);
			path = "Preview Content";
			sourceTree = "<group>";
		};
		0960779629887B04001DEFFC /* swift-weather-demoTests */ = {
			isa = PBXGroup;
			children = (
				0960779729887B04001DEFFC /* swift_weather_demoTests.swift */,
			);
			path = "swift-weather-demoTests";
			sourceTree = "<group>";
		};
		096077A029887B04001DEFFC /* swift-weather-demoUITests */ = {
			isa = PBXGroup;
			children = (
				096077A129887B04001DEFFC /* swift_weather_demoUITests.swift */,
				096077A329887B04001DEFFC /* swift_weather_demoUITestsLaunchTests.swift */,
			);
			path = "swift-weather-demoUITests";
			sourceTree = "<group>";
		};
		096077B029887BF7001DEFFC /* Components */ = {
			isa = PBXGroup;
			children = (
				096077B229887C69001DEFFC /* WeatherRow.swift */,
			);
			path = Components;
			sourceTree = "<group>";
		};
/* End PBXGroup section */

/* Begin PBXNativeTarget section */
		0960778229887B03001DEFFC /* swift-weather-demo */ = {
			isa = PBXNativeTarget;
			buildConfigurationList = 096077A729887B04001DEFFC /* Build configuration list for PBXNativeTarget "swift-weather-demo" */;
			buildPhases = (
				0960777F29887B03001DEFFC /* Sources */,
				0960778029887B03001DEFFC /* Frameworks */,
				0960778129887B03001DEFFC /* Resources */,
			);
			buildRules = (
			);
			dependencies = (
			);
			name = "swift-weather-demo";
			productName = "swift-weather-demo";
			productReference = 0960778329887B03001DEFFC /* swift-weather-demo.app */;
			productType = "com.apple.product-type.application";
		};
		0960779229887B04001DEFFC /* swift-weather-demoTests */ = {
			isa = PBXNativeTarget;
			buildConfigurationList = 096077AA29887B04001DEFFC /* Build configuration list for PBXNativeTarget "swift-weather-demoTests" */;
			buildPhases = (
				0960778F29887B04001DEFFC /* Sources */,
				0960779029887B04001DEFFC /* Frameworks */,
				0960779129887B04001DEFFC /* Resources */,
			);
			buildRules = (
			);
			dependencies = (
				0960779529887B04001DEFFC /* PBXTargetDependency */,
			);
			name = "swift-weather-demoTests";
			productName = "swift-weather-demoTests";
			productReference = 0960779329887B04001DEFFC /* swift-weather-demoTests.xctest */;
			productType = "com.apple.product-type.bundle.unit-test";
		};
		0960779C29887B04001DEFFC /* swift-weather-demoUITests */ = {
			isa = PBXNativeTarget;
			buildConfigurationList = 096077AD29887B04001DEFFC /* Build configuration list for PBXNativeTarget "swift-weather-demoUITests" */;
			buildPhases = (
				0960779929887B04001DEFFC /* Sources */,
				0960779A29887B04001DEFFC /* Frameworks */,
				0960779B29887B04001DEFFC /* Resources */,
			);
			buildRules = (
			);
			dependencies = (
				0960779F29887B04001DEFFC /* PBXTargetDependency */,
			);
			name = "swift-weather-demoUITests";
			productName = "swift-weather-demoUITests";
			productReference = 0960779D29887B04001DEFFC /* swift-weather-demoUITests.xctest */;
			productType = "com.apple.product-type.bundle.ui-testing";
		};
/* End PBXNativeTarget section */

/* Begin PBXProject section */
		0960777B29887B03001DEFFC /* Project object */ = {
			isa = PBXProject;
			attributes = {
				BuildIndependentTargetsInParallel = 1;
				LastSwiftUpdateCheck = 1430;
				LastUpgradeCheck = 1430;
				TargetAttributes = {
					0960778229887B03001DEFFC = {
						CreatedOnToolsVersion = 14.3;
					};
					0960779229887B04001DEFFC = {
						CreatedOnToolsVersion = 14.3;
						TestTargetID = 0960778229887B03001DEFFC;
					};
					0960779C29887B04001DEFFC = {
						CreatedOnToolsVersion = 14.3;
						TestTargetID = 0960778229887B03001DEFFC;
					};
				};
			};
			buildConfigurationList = 0960777E29887B03001DEFFC /* Build configuration list for PBXProject "swift-weather-demo" */;
			compatibilityVersion = "Xcode 14.0";
			developmentRegion = en;
			hasScannedForEncodings = 0;
			knownRegions = (
				en,
				Base,
			);
			mainGroup = 0960777A29887B03001DEFFC;
			productRefGroup = 0960778429887B03001DEFFC /* Products */;
			projectDirPath = "";
			projectRoot = "";
			targets = (
				0960778229887B03001DEFFC /* swift-weather-demo */,
				0960779229887B04001DEFFC /* swift-weather-demoTests */,
				0960779C29887B04001DEFFC /* swift-weather-demoUITests */,
			);
		};
/* End PBXProject section */

/* Begin PBXResourcesBuildPhase section */
		0960778129887B03001DEFFC /* Resources */ = {
			isa = PBXResourcesBuildPhase;
			buildActionMask = 2147483647;
			files = (
				0960778E29887B04001DEFFC /* Preview Assets.xcassets in Resources */,
				0960778B29887B04001DEFFC /* Assets.xcassets in Resources */,
			);
			runOnlyForDeploymentPostprocessing = 0;
		};
		0960779129887B04001DEFFC /* Resources */ = {
			isa = PBXResourcesBuildPhase;
			buildActionMask = 2147483647;
			files = (
			);
			runOnlyForDeploymentPostprocessing = 0;
		};
		0960779B29887B04001DEFFC /* Resources */ = {
			isa = PBXResourcesBuildPhase;
			buildActionMask = 2147483647;
			files = (
			);
			runOnlyForDeploymentPostprocessing = 0;
		};
/* End PBXResourcesBuildPhase section */

/* Begin PBXSourcesBuildPhase section */
		0960777F29887B03001DEFFC /* Sources */ = {
			isa = PBXSourcesBuildPhase;
			buildActionMask = 2147483647;
			files = (
				096077B329887C69001DEFFC /* WeatherRow.swift in Sources */,
				0960778929887B03001DEFFC /* ContentView.swift in Sources */,
				0960778729887B03001DEFFC /* swift_weather_demoApp.swift in Sources */,
			);
			runOnlyForDeploymentPostprocessing = 0;
		};
		0960778F29887B04001DEFFC /* Sources */ = {
			isa = PBXSourcesBuildPhase;
			buildActionMask = 2147483647;
			files = (
				0960779829887B04001DEFFC /* swift_weather_demoTests.swift in Sources */,
			);
			runOnlyForDeploymentPostprocessing = 0;
		};
		0960779929887B04001DEFFC /* Sources */ = {
			isa = PBXSourcesBuildPhase;
			buildActionMask = 2147483647;
			files = (
				096077A429887B04001DEFFC /* swift_weather_demoUITestsLaunchTests.swift in Sources */,
				096077A229887B04001DEFFC /* swift_weather_demoUITests.swift in Sources */,
			);
			runOnlyForDeploymentPostprocessing = 0;
		};
/* End PBXSourcesBuildPhase section */

/* Begin PBXTargetDependency section */
		0960779529887B04001DEFFC /* PBXTargetDependency */ = {
			isa = PBXTargetDependency;
			target = 0960778229887B03001DEFFC /* swift-weather-demo */;
			targetProxy = 0960779429887B04001DEFFC /* PBXContainerItemProxy */;
		};
		0960779F29887B04001DEFFC /* PBXTargetDependency */ = {
			isa = PBXTargetDependency;
			target = 0960778229887B03001DEFFC /* swift-weather-demo */;
			targetProxy = 0960779E29887B04001DEFFC /* PBXContainerItemProxy */;
		};
/* End PBXTargetDependency section */

/* Begin XCBuildConfiguration section */
		096077A529887B04001DEFFC /* Debug */ = {
			isa = XCBuildConfiguration;
			buildSettings = {
				ALWAYS_SEARCH_USER_PATHS = NO;
				CLANG_ANALYZER_NONNULL = YES;
				CLANG_ANALYZER_NUMBER_OBJECT_CONVERSION = YES_AGGRESSIVE;
				CLANG_CXX_LANGUAGE_STANDARD = "gnu++20";
				CLANG_ENABLE_MODULES = YES;
				CLANG_ENABLE_OBJC_ARC = YES;
				CLANG_ENABLE_OBJC_WEAK = YES;
				CLANG_WARN_BLOCK_CAPTURE_AUTORELEASING = YES;
				CLANG_WARN_BOOL_CONVERSION = YES;
				CLANG_WARN_COMMA = YES;
				CLANG_WARN_CONSTANT_CONVERSION = YES;
				CLANG_WARN_DEPRECATED_OBJC_IMPLEMENTATIONS = YES;
				CLANG_WARN_DIRECT_OBJC_ISA_USAGE = YES_ERROR;
				CLANG_WARN_DOCUMENTATION_COMMENTS = YES;
				CLANG_WARN_EMPTY_BODY = YES;
				CLANG_WARN_ENUM_CONVERSION = YES;
				CLANG_WARN_INFINITE_RECURSION = YES;
				CLANG_WARN_INT_CONVERSION = YES;
				CLANG_WARN_NON_LITERAL_NULL_CONVERSION = YES;
				CLANG_WARN_OBJC_IMPLICIT_RETAIN_SELF = YES;
				CLANG_WARN_OBJC_LITERAL_CONVERSION = YES;
				CLANG_WARN_OBJC_ROOT_CLASS = YES_ERROR;
				CLANG_WARN_QUOTED_INCLUDE_IN_FRAMEWORK_HEADER = YES;
				CLANG_WARN_RANGE_LOOP_ANALYSIS = YES;
				CLANG_WARN_STRICT_PROTOTYPES = YES;
				CLANG_WARN_SUSPICIOUS_MOVE = YES;
				CLANG_WARN_UNGUARDED_AVAILABILITY = YES_AGGRESSIVE;
				CLANG_WARN_UNREACHABLE_CODE = YES;
				CLANG_WARN__DUPLICATE_METHOD_MATCH = YES;
				COPY_PHASE_STRIP = NO;
				DEBUG_INFORMATION_FORMAT = dwarf;
				ENABLE_STRICT_OBJC_MSGSEND = YES;
				ENABLE_TESTABILITY = YES;
				GCC_C_LANGUAGE_STANDARD = gnu11;
				GCC_DYNAMIC_NO_PIC = NO;
				GCC_NO_COMMON_BLOCKS = YES;
				GCC_OPTIMIZATION_LEVEL = 0;
				GCC_PREPROCESSOR_DEFINITIONS = (
					"DEBUG=1",
					"$(inherited)",
				);
				GCC_WARN_64_TO_32_BIT_CONVERSION = YES;
				GCC_WARN_ABOUT_RETURN_TYPE = YES_ERROR;
				GCC_WARN_UNDECLARED_SELECTOR = YES;
				GCC_WARN_UNINITIALIZED_AUTOS = YES_AGGRESSIVE;
				GCC_WARN_UNUSED_FUNCTION = YES;
				GCC_WARN_UNUSED_VARIABLE = YES;
				IPHONEOS_DEPLOYMENT_TARGET = 16.4;
				MTL_ENABLE_DEBUG_INFO = INCLUDE_SOURCE;
				MTL_FAST_MATH = YES;
				ONLY_ACTIVE_ARCH = YES;
				SDKROOT = iphoneos;
				SWIFT_ACTIVE_COMPILATION_CONDITIONS = DEBUG;
				SWIFT_OPTIMIZATION_LEVEL = "-Onone";
			};
			name = Debug;
		};
		096077A629887B04001DEFFC /* Release */ = {
			isa = XCBuildConfiguration;
			buildSettings = {
				ALWAYS_SEARCH_USER_PATHS = NO;
				CLANG_ANALYZER_NONNULL = YES;
				CLANG_ANALYZER_NUMBER_OBJECT_CONVERSION = YES_AGGRESSIVE;
				CLANG_CXX_LANGUAGE_STANDARD = "gnu++20";
				CLANG_ENABLE_MODULES = YES;
				CLANG_ENABLE_OBJC_ARC = YES;
				CLANG_ENABLE_OBJC_WEAK = YES;
				CLANG_WARN_BLOCK_CAPTURE_AUTORELEASING = YES;
				CLANG_WARN_BOOL_CONVERSION = YES;
				CLANG_WARN_COMMA = YES;
				CLANG_WARN_CONSTANT_CONVERSION = YES;
				CLANG_WARN_DEPRECATED_OBJC_IMPLEMENTATIONS = YES;
				CLANG_WARN_DIRECT_OBJC_ISA_USAGE = YES_ERROR;
				CLANG_WARN_DOCUMENTATION_COMMENTS = YES;
				CLANG_WARN_EMPTY_BODY = YES;
				CLANG_WARN_ENUM_CONVERSION = YES;
				CLANG_WARN_INFINITE_RECURSION = YES;
				CLANG_WARN_INT_CONVERSION = YES;
				CLANG_WARN_NON_LITERAL_NULL_CONVERSION = YES;
				CLANG_WARN_OBJC_IMPLICIT_RETAIN_SELF = YES;
				CLANG_WARN_OBJC_LITERAL_CONVERSION = YES;
				CLANG_WARN_OBJC_ROOT_CLASS = YES_ERROR;
				CLANG_WARN_QUOTED_INCLUDE_IN_FRAMEWORK_HEADER = YES;
				CLANG_WARN_RANGE_LOOP_ANALYSIS = YES;
				CLANG_WARN_STRICT_PROTOTYPES = YES;
				CLANG_WARN_SUSPICIOUS_MOVE = YES;
				CLANG_WARN_UNGUARDED_AVAILABILITY = YES_AGGRESSIVE;
				CLANG_WARN_UNREACHABLE_CODE = YES;
				CLANG_WARN__DUPLICATE_METHOD_MATCH = YES;
				COPY_PHASE_STRIP = NO;
				DEBUG_INFORMATION_FORMAT = "dwarf-with-dsym";
				ENABLE_NS_ASSERTIONS = NO;
				ENABLE_STRICT_OBJC_MSGSEND = YES;
				GCC_C_LANGUAGE_STANDARD = gnu11;
				GCC_NO_COMMON_BLOCKS = YES;
				GCC_WARN_64_TO_32_BIT_CONVERSION = YES;
				GCC_WARN_ABOUT_RETURN_TYPE = YES_ERROR;
				GCC_WARN_UNDECLARED_SELECTOR = YES;
				GCC_WARN_UNINITIALIZED_AUTOS = YES_AGGRESSIVE;
				GCC_WARN_UNUSED_FUNCTION = YES;
				GCC_WARN_UNUSED_VARIABLE = YES;
				IPHONEOS_DEPLOYMENT_TARGET = 16.4;
				MTL_ENABLE_DEBUG_INFO = NO;
				MTL_FAST_MATH = YES;
				SDKROOT = iphoneos;
				SWIFT_COMPILATION_MODE = wholemodule;
				SWIFT_OPTIMIZATION_LEVEL = "-O";
				VALIDATE_PRODUCT = YES;
			};
			name = Release;
		};
		096077A829887B04001DEFFC /* Debug */ = {
			isa = XCBuildConfiguration;
			buildSettings = {
				ASSETCATALOG_COMPILER_APPICON_NAME = AppIcon;
				ASSETCATALOG_COMPILER_GLOBAL_ACCENT_COLOR_NAME = AccentColor;
				CODE_SIGN_STYLE = Automatic;
				CURRENT_PROJECT_VERSION = 1;
				DEVELOPMENT_ASSET_PATHS = "\"swift-weather-demo/Preview Content\"";
				DEVELOPMENT_TEAM = C9CKANY5JG;
				ENABLE_PREVIEWS = YES;
				GENERATE_INFOPLIST_FILE = YES;
				INFOPLIST_KEY_UIApplicationSceneManifest_Generation = YES;
				INFOPLIST_KEY_UIApplicationSupportsIndirectInputEvents = YES;
				INFOPLIST_KEY_UILaunchScreen_Generation = YES;
				INFOPLIST_KEY_UISupportedInterfaceOrientations_iPad = "UIInterfaceOrientationPortrait UIInterfaceOrientationPortraitUpsideDown UIInterfaceOrientationLandscapeLeft UIInterfaceOrientationLandscapeRight";
				INFOPLIST_KEY_UISupportedInterfaceOrientations_iPhone = "UIInterfaceOrientationPortrait UIInterfaceOrientationLandscapeLeft UIInterfaceOrientationLandscapeRight";
				LD_RUNPATH_SEARCH_PATHS = (
					"$(inherited)",
					"@executable_path/Frameworks",
				);
				MARKETING_VERSION = 1.0;
				PRODUCT_BUNDLE_IDENTIFIER = "com.apple.swift-weather-demo";
				PRODUCT_NAME = "$(TARGET_NAME)";
				SWIFT_EMIT_LOC_STRINGS = YES;
				SWIFT_VERSION = 5.0;
				TARGETED_DEVICE_FAMILY = "1,2";
			};
			name = Debug;
		};
		096077A929887B04001DEFFC /* Release */ = {
			isa = XCBuildConfiguration;
			buildSettings = {
				ASSETCATALOG_COMPILER_APPICON_NAME = AppIcon;
				ASSETCATALOG_COMPILER_GLOBAL_ACCENT_COLOR_NAME = AccentColor;
				CODE_SIGN_STYLE = Automatic;
				CURRENT_PROJECT_VERSION = 1;
				DEVELOPMENT_ASSET_PATHS = "\"swift-weather-demo/Preview Content\"";
				DEVELOPMENT_TEAM = C9CKANY5JG;
				ENABLE_PREVIEWS = YES;
				GENERATE_INFOPLIST_FILE = YES;
				INFOPLIST_KEY_UIApplicationSceneManifest_Generation = YES;
				INFOPLIST_KEY_UIApplicationSupportsIndirectInputEvents = YES;
				INFOPLIST_KEY_UILaunchScreen_Generation = YES;
				INFOPLIST_KEY_UISupportedInterfaceOrientations_iPad = "UIInterfaceOrientationPortrait UIInterfaceOrientationPortraitUpsideDown UIInterfaceOrientationLandscapeLeft UIInterfaceOrientationLandscapeRight";
				INFOPLIST_KEY_UISupportedInterfaceOrientations_iPhone = "UIInterfaceOrientationPortrait UIInterfaceOrientationLandscapeLeft UIInterfaceOrientationLandscapeRight";
				LD_RUNPATH_SEARCH_PATHS = (
					"$(inherited)",
					"@executable_path/Frameworks",
				);
				MARKETING_VERSION = 1.0;
				PRODUCT_BUNDLE_IDENTIFIER = "com.apple.swift-weather-demo";
				PRODUCT_NAME = "$(TARGET_NAME)";
				SWIFT_EMIT_LOC_STRINGS = YES;
				SWIFT_VERSION = 5.0;
				TARGETED_DEVICE_FAMILY = "1,2";
			};
			name = Release;
		};
		096077AB29887B04001DEFFC /* Debug */ = {
			isa = XCBuildConfiguration;
			buildSettings = {
				ALWAYS_EMBED_SWIFT_STANDARD_LIBRARIES = YES;
				BUNDLE_LOADER = "$(TEST_HOST)";
				CODE_SIGN_STYLE = Automatic;
				CURRENT_PROJECT_VERSION = 1;
				DEVELOPMENT_TEAM = C9CKANY5JG;
				GENERATE_INFOPLIST_FILE = YES;
				IPHONEOS_DEPLOYMENT_TARGET = 16.4;
				MARKETING_VERSION = 1.0;
				PRODUCT_BUNDLE_IDENTIFIER = "com.apple.swift-weather-demoTests";
				PRODUCT_NAME = "$(TARGET_NAME)";
				SWIFT_EMIT_LOC_STRINGS = NO;
				SWIFT_VERSION = 5.0;
				TARGETED_DEVICE_FAMILY = "1,2";
				TEST_HOST = "$(BUILT_PRODUCTS_DIR)/swift-weather-demo.app/$(BUNDLE_EXECUTABLE_FOLDER_PATH)/swift-weather-demo";
			};
			name = Debug;
		};
		096077AC29887B04001DEFFC /* Release */ = {
			isa = XCBuildConfiguration;
			buildSettings = {
				ALWAYS_EMBED_SWIFT_STANDARD_LIBRARIES = YES;
				BUNDLE_LOADER = "$(TEST_HOST)";
				CODE_SIGN_STYLE = Automatic;
				CURRENT_PROJECT_VERSION = 1;
				DEVELOPMENT_TEAM = C9CKANY5JG;
				GENERATE_INFOPLIST_FILE = YES;
				IPHONEOS_DEPLOYMENT_TARGET = 16.4;
				MARKETING_VERSION = 1.0;
				PRODUCT_BUNDLE_IDENTIFIER = "com.apple.swift-weather-demoTests";
				PRODUCT_NAME = "$(TARGET_NAME)";
				SWIFT_EMIT_LOC_STRINGS = NO;
				SWIFT_VERSION = 5.0;
				TARGETED_DEVICE_FAMILY = "1,2";
				TEST_HOST = "$(BUILT_PRODUCTS_DIR)/swift-weather-demo.app/$(BUNDLE_EXECUTABLE_FOLDER_PATH)/swift-weather-demo";
			};
			name = Release;
		};
		096077AE29887B04001DEFFC /* Debug */ = {
			isa = XCBuildConfiguration;
			buildSettings = {
				ALWAYS_EMBED_SWIFT_STANDARD_LIBRARIES = YES;
				CODE_SIGN_STYLE = Automatic;
				CURRENT_PROJECT_VERSION = 1;
				DEVELOPMENT_TEAM = C9CKANY5JG;
				GENERATE_INFOPLIST_FILE = YES;
				MARKETING_VERSION = 1.0;
				PRODUCT_BUNDLE_IDENTIFIER = "com.apple.swift-weather-demoUITests";
				PRODUCT_NAME = "$(TARGET_NAME)";
				SWIFT_EMIT_LOC_STRINGS = NO;
				SWIFT_VERSION = 5.0;
				TARGETED_DEVICE_FAMILY = "1,2";
				TEST_TARGET_NAME = "swift-weather-demo";
			};
			name = Debug;
		};
		096077AF29887B04001DEFFC /* Release */ = {
			isa = XCBuildConfiguration;
			buildSettings = {
				ALWAYS_EMBED_SWIFT_STANDARD_LIBRARIES = YES;
				CODE_SIGN_STYLE = Automatic;
				CURRENT_PROJECT_VERSION = 1;
				DEVELOPMENT_TEAM = C9CKANY5JG;
				GENERATE_INFOPLIST_FILE = YES;
				MARKETING_VERSION = 1.0;
				PRODUCT_BUNDLE_IDENTIFIER = "com.apple.swift-weather-demoUITests";
				PRODUCT_NAME = "$(TARGET_NAME)";
				SWIFT_EMIT_LOC_STRINGS = NO;
				SWIFT_VERSION = 5.0;
				TARGETED_DEVICE_FAMILY = "1,2";
				TEST_TARGET_NAME = "swift-weather-demo";
			};
			name = Release;
		};
/* End XCBuildConfiguration section */

/* Begin XCConfigurationList section */
		0960777E29887B03001DEFFC /* Build configuration list for PBXProject "swift-weather-demo" */ = {
			isa = XCConfigurationList;
			buildConfigurations = (
				096077A529887B04001DEFFC /* Debug */,
				096077A629887B04001DEFFC /* Release */,
			);
			defaultConfigurationIsVisible = 0;
			defaultConfigurationName = Release;
		};
		096077A729887B04001DEFFC /* Build configuration list for PBXNativeTarget "swift-weather-demo" */ = {
			isa = XCConfigurationList;
			buildConfigurations = (
				096077A829887B04001DEFFC /* Debug */,
				096077A929887B04001DEFFC /* Release */,
			);
			defaultConfigurationIsVisible = 0;
			defaultConfigurationName = Release;
		};
		096077AA29887B04001DEFFC /* Build configuration list for PBXNativeTarget "swift-weather-demoTests" */ = {
			isa = XCConfigurationList;
			buildConfigurations = (
				096077AB29887B04001DEFFC /* Debug */,
				096077AC29887B04001DEFFC /* Release */,
			);
			defaultConfigurationIsVisible = 0;
			defaultConfigurationName = Release;
		};
		096077AD29887B04001DEFFC /* Build configuration list for PBXNativeTarget "swift-weather-demoUITests" */ = {
			isa = XCConfigurationList;
			buildConfigurations = (
				096077AE29887B04001DEFFC /* Debug */,
				096077AF29887B04001DEFFC /* Release */,
			);
			defaultConfigurationIsVisible = 0;
			defaultConfigurationName = Release;
		};
/* End XCConfigurationList section */
	};
	rootObject = 0960777B29887B03001DEFFC /* Project object */;
}
